// !$*UTF8*$!
{
	archiveVersion = 1;
	classes = {
	};
	objectVersion = 56;
	objects = {

/* Begin PBXBuildFile section */
		1D6E62C62AB2D1D900AAD9BD /* Kingfisher in Frameworks */ = {isa = PBXBuildFile; productRef = 1D6E62C52AB2D1D900AAD9BD /* Kingfisher */; };
		1D6E62C92AB2D82A00AAD9BD /* BaseCoordinator.swift in Sources */ = {isa = PBXBuildFile; fileRef = 1D6E62C82AB2D82A00AAD9BD /* BaseCoordinator.swift */; };
		1D6E62CC2AB2D86500AAD9BD /* Coordinator.swift in Sources */ = {isa = PBXBuildFile; fileRef = 1D6E62CB2AB2D86500AAD9BD /* Coordinator.swift */; };
		1D6E62CF2AB2F82400AAD9BD /* HotelCoordinator.swift in Sources */ = {isa = PBXBuildFile; fileRef = 1D6E62CE2AB2F82400AAD9BD /* HotelCoordinator.swift */; };
		1D6E62D22AB2FA8200AAD9BD /* AppCoordinator.swift in Sources */ = {isa = PBXBuildFile; fileRef = 1D6E62D12AB2FA8200AAD9BD /* AppCoordinator.swift */; };
		1D6E62D92AB2FBF200AAD9BD /* NumbersViewController.swift in Sources */ = {isa = PBXBuildFile; fileRef = 1D6E62D82AB2FBF200AAD9BD /* NumbersViewController.swift */; };
		1D6E62DB2AB2FC0700AAD9BD /* NumbersViewModel.swift in Sources */ = {isa = PBXBuildFile; fileRef = 1D6E62DA2AB2FC0700AAD9BD /* NumbersViewModel.swift */; };
		1D6E62DD2AB2FC1A00AAD9BD /* NumbersModel.swift in Sources */ = {isa = PBXBuildFile; fileRef = 1D6E62DC2AB2FC1A00AAD9BD /* NumbersModel.swift */; };
		1D6E62DF2AB2FC2500AAD9BD /* NumbersCoordinator.swift in Sources */ = {isa = PBXBuildFile; fileRef = 1D6E62DE2AB2FC2500AAD9BD /* NumbersCoordinator.swift */; };
		1D6E62E22AB3103700AAD9BD /* NumberTableViewCell.swift in Sources */ = {isa = PBXBuildFile; fileRef = 1D6E62E12AB3103700AAD9BD /* NumberTableViewCell.swift */; };
		1D6E62E92AB60FC500AAD9BD /* PaymentCoordinator.swift in Sources */ = {isa = PBXBuildFile; fileRef = 1D6E62E82AB60FC500AAD9BD /* PaymentCoordinator.swift */; };
		1D6E62EB2AB60FDD00AAD9BD /* PaymentViewController.swift in Sources */ = {isa = PBXBuildFile; fileRef = 1D6E62EA2AB60FDD00AAD9BD /* PaymentViewController.swift */; };
		1D6E62ED2AB60FED00AAD9BD /* PaymentViewModel.swift in Sources */ = {isa = PBXBuildFile; fileRef = 1D6E62EC2AB60FED00AAD9BD /* PaymentViewModel.swift */; };
		1D6E62EF2AB60FF900AAD9BD /* PaymentModel.swift in Sources */ = {isa = PBXBuildFile; fileRef = 1D6E62EE2AB60FF900AAD9BD /* PaymentModel.swift */; };
		1D6E62F12AB614E200AAD9BD /* GeneralInfoView.swift in Sources */ = {isa = PBXBuildFile; fileRef = 1D6E62F02AB614E200AAD9BD /* GeneralInfoView.swift */; };
		1D6E62F32AB6171E00AAD9BD /* DetailInfoView.swift in Sources */ = {isa = PBXBuildFile; fileRef = 1D6E62F22AB6171E00AAD9BD /* DetailInfoView.swift */; };
		1D6E62F52AB62E4200AAD9BD /* BuyerInfoView.swift in Sources */ = {isa = PBXBuildFile; fileRef = 1D6E62F42AB62E4200AAD9BD /* BuyerInfoView.swift */; };
		1D8B116F2AAF203D007FE9A0 /* DesignSystem in Frameworks */ = {isa = PBXBuildFile; productRef = 1D8B116E2AAF203D007FE9A0 /* DesignSystem */; };
		1D8B11712AAF4CD9007FE9A0 /* HotelAdditionalInfo.swift in Sources */ = {isa = PBXBuildFile; fileRef = 1D8B11702AAF4CD9007FE9A0 /* HotelAdditionalInfo.swift */; };
		1D910DC52AB18114001EF789 /* AboutHotelTableViewCell.swift in Sources */ = {isa = PBXBuildFile; fileRef = 1D910DC42AB18114001EF789 /* AboutHotelTableViewCell.swift */; };
		1D910DC82AB182C5001EF789 /* AboutHotelModel.swift in Sources */ = {isa = PBXBuildFile; fileRef = 1D910DC72AB182C5001EF789 /* AboutHotelModel.swift */; };
		1D910DCA2AB18844001EF789 /* HotelButtonView.swift in Sources */ = {isa = PBXBuildFile; fileRef = 1D910DC92AB18844001EF789 /* HotelButtonView.swift */; };
		1D910DCD2AB24434001EF789 /* NetworkService.swift in Sources */ = {isa = PBXBuildFile; fileRef = 1D910DCC2AB24434001EF789 /* NetworkService.swift */; };
		1D910DCF2AB2447C001EF789 /* HotelModel.swift in Sources */ = {isa = PBXBuildFile; fileRef = 1D910DCE2AB2447C001EF789 /* HotelModel.swift */; };
		1D910DD22AB244D6001EF789 /* HotelViewModel.swift in Sources */ = {isa = PBXBuildFile; fileRef = 1D910DD12AB244D6001EF789 /* HotelViewModel.swift */; };
		1D910DD62AB248D5001EF789 /* UIImageView + Extension.swift in Sources */ = {isa = PBXBuildFile; fileRef = 1D910DD52AB248D5001EF789 /* UIImageView + Extension.swift */; };
		1D9AD4422AAB1D6900A4481E /* HotelMainInfo.swift in Sources */ = {isa = PBXBuildFile; fileRef = 1D9AD4412AAB1D6900A4481E /* HotelMainInfo.swift */; };
		1D9AD4462AAB201800A4481E /* UIViewController + Extension.swift in Sources */ = {isa = PBXBuildFile; fileRef = 1D9AD4452AAB201800A4481E /* UIViewController + Extension.swift */; };
		1D9AD4482AAB203800A4481E /* UIView + Extension.swift in Sources */ = {isa = PBXBuildFile; fileRef = 1D9AD4472AAB203800A4481E /* UIView + Extension.swift */; };
		1DCE8EA42AAB0CAD00CD5D6E /* AppDelegate.swift in Sources */ = {isa = PBXBuildFile; fileRef = 1DCE8EA32AAB0CAD00CD5D6E /* AppDelegate.swift */; };
		1DCE8EAD2AAB0CAE00CD5D6E /* Assets.xcassets in Resources */ = {isa = PBXBuildFile; fileRef = 1DCE8EAC2AAB0CAE00CD5D6E /* Assets.xcassets */; };
		1DCE8EB02AAB0CAE00CD5D6E /* LaunchScreen.storyboard in Resources */ = {isa = PBXBuildFile; fileRef = 1DCE8EAE2AAB0CAE00CD5D6E /* LaunchScreen.storyboard */; };
		1DCE8EBC2AAB13F800CD5D6E /* HotelViewController.swift in Sources */ = {isa = PBXBuildFile; fileRef = 1DCE8EBB2AAB13F800CD5D6E /* HotelViewController.swift */; };
		1DF002982AAB245D00A31A1A /* SnapKit in Frameworks */ = {isa = PBXBuildFile; productRef = 1DF002972AAB245D00A31A1A /* SnapKit */; };
/* End PBXBuildFile section */

/* Begin PBXFileReference section */
		1D6E62C82AB2D82A00AAD9BD /* BaseCoordinator.swift */ = {isa = PBXFileReference; lastKnownFileType = sourcecode.swift; path = BaseCoordinator.swift; sourceTree = "<group>"; };
		1D6E62CB2AB2D86500AAD9BD /* Coordinator.swift */ = {isa = PBXFileReference; lastKnownFileType = sourcecode.swift; path = Coordinator.swift; sourceTree = "<group>"; };
		1D6E62CE2AB2F82400AAD9BD /* HotelCoordinator.swift */ = {isa = PBXFileReference; lastKnownFileType = sourcecode.swift; path = HotelCoordinator.swift; sourceTree = "<group>"; };
		1D6E62D12AB2FA8200AAD9BD /* AppCoordinator.swift */ = {isa = PBXFileReference; lastKnownFileType = sourcecode.swift; path = AppCoordinator.swift; sourceTree = "<group>"; };
		1D6E62D82AB2FBF200AAD9BD /* NumbersViewController.swift */ = {isa = PBXFileReference; lastKnownFileType = sourcecode.swift; path = NumbersViewController.swift; sourceTree = "<group>"; };
		1D6E62DA2AB2FC0700AAD9BD /* NumbersViewModel.swift */ = {isa = PBXFileReference; lastKnownFileType = sourcecode.swift; path = NumbersViewModel.swift; sourceTree = "<group>"; };
		1D6E62DC2AB2FC1A00AAD9BD /* NumbersModel.swift */ = {isa = PBXFileReference; lastKnownFileType = sourcecode.swift; path = NumbersModel.swift; sourceTree = "<group>"; };
		1D6E62DE2AB2FC2500AAD9BD /* NumbersCoordinator.swift */ = {isa = PBXFileReference; lastKnownFileType = sourcecode.swift; path = NumbersCoordinator.swift; sourceTree = "<group>"; };
		1D6E62E12AB3103700AAD9BD /* NumberTableViewCell.swift */ = {isa = PBXFileReference; lastKnownFileType = sourcecode.swift; path = NumberTableViewCell.swift; sourceTree = "<group>"; };
		1D6E62E82AB60FC500AAD9BD /* PaymentCoordinator.swift */ = {isa = PBXFileReference; lastKnownFileType = sourcecode.swift; path = PaymentCoordinator.swift; sourceTree = "<group>"; };
		1D6E62EA2AB60FDD00AAD9BD /* PaymentViewController.swift */ = {isa = PBXFileReference; lastKnownFileType = sourcecode.swift; path = PaymentViewController.swift; sourceTree = "<group>"; };
		1D6E62EC2AB60FED00AAD9BD /* PaymentViewModel.swift */ = {isa = PBXFileReference; lastKnownFileType = sourcecode.swift; path = PaymentViewModel.swift; sourceTree = "<group>"; };
		1D6E62EE2AB60FF900AAD9BD /* PaymentModel.swift */ = {isa = PBXFileReference; lastKnownFileType = sourcecode.swift; path = PaymentModel.swift; sourceTree = "<group>"; };
		1D6E62F02AB614E200AAD9BD /* GeneralInfoView.swift */ = {isa = PBXFileReference; lastKnownFileType = sourcecode.swift; path = GeneralInfoView.swift; sourceTree = "<group>"; };
		1D6E62F22AB6171E00AAD9BD /* DetailInfoView.swift */ = {isa = PBXFileReference; lastKnownFileType = sourcecode.swift; path = DetailInfoView.swift; sourceTree = "<group>"; };
		1D6E62F42AB62E4200AAD9BD /* BuyerInfoView.swift */ = {isa = PBXFileReference; lastKnownFileType = sourcecode.swift; path = BuyerInfoView.swift; sourceTree = "<group>"; };
		1D8B11702AAF4CD9007FE9A0 /* HotelAdditionalInfo.swift */ = {isa = PBXFileReference; lastKnownFileType = sourcecode.swift; path = HotelAdditionalInfo.swift; sourceTree = "<group>"; };
		1D910DC42AB18114001EF789 /* AboutHotelTableViewCell.swift */ = {isa = PBXFileReference; lastKnownFileType = sourcecode.swift; path = AboutHotelTableViewCell.swift; sourceTree = "<group>"; };
		1D910DC72AB182C5001EF789 /* AboutHotelModel.swift */ = {isa = PBXFileReference; lastKnownFileType = sourcecode.swift; path = AboutHotelModel.swift; sourceTree = "<group>"; };
		1D910DC92AB18844001EF789 /* HotelButtonView.swift */ = {isa = PBXFileReference; lastKnownFileType = sourcecode.swift; path = HotelButtonView.swift; sourceTree = "<group>"; };
		1D910DCC2AB24434001EF789 /* NetworkService.swift */ = {isa = PBXFileReference; lastKnownFileType = sourcecode.swift; path = NetworkService.swift; sourceTree = "<group>"; };
		1D910DCE2AB2447C001EF789 /* HotelModel.swift */ = {isa = PBXFileReference; lastKnownFileType = sourcecode.swift; path = HotelModel.swift; sourceTree = "<group>"; };
		1D910DD12AB244D6001EF789 /* HotelViewModel.swift */ = {isa = PBXFileReference; lastKnownFileType = sourcecode.swift; path = HotelViewModel.swift; sourceTree = "<group>"; };
		1D910DD52AB248D5001EF789 /* UIImageView + Extension.swift */ = {isa = PBXFileReference; lastKnownFileType = sourcecode.swift; path = "UIImageView + Extension.swift"; sourceTree = "<group>"; };
		1D9AD4412AAB1D6900A4481E /* HotelMainInfo.swift */ = {isa = PBXFileReference; lastKnownFileType = sourcecode.swift; path = HotelMainInfo.swift; sourceTree = "<group>"; };
		1D9AD4452AAB201800A4481E /* UIViewController + Extension.swift */ = {isa = PBXFileReference; lastKnownFileType = sourcecode.swift; path = "UIViewController + Extension.swift"; sourceTree = "<group>"; };
		1D9AD4472AAB203800A4481E /* UIView + Extension.swift */ = {isa = PBXFileReference; lastKnownFileType = sourcecode.swift; path = "UIView + Extension.swift"; sourceTree = "<group>"; };
		1DCE8EA02AAB0CAD00CD5D6E /* hotelCalifornia.app */ = {isa = PBXFileReference; explicitFileType = wrapper.application; includeInIndex = 0; path = hotelCalifornia.app; sourceTree = BUILT_PRODUCTS_DIR; };
		1DCE8EA32AAB0CAD00CD5D6E /* AppDelegate.swift */ = {isa = PBXFileReference; lastKnownFileType = sourcecode.swift; path = AppDelegate.swift; sourceTree = "<group>"; };
		1DCE8EAC2AAB0CAE00CD5D6E /* Assets.xcassets */ = {isa = PBXFileReference; lastKnownFileType = folder.assetcatalog; path = Assets.xcassets; sourceTree = "<group>"; };
		1DCE8EAF2AAB0CAE00CD5D6E /* Base */ = {isa = PBXFileReference; lastKnownFileType = file.storyboard; name = Base; path = Base.lproj/LaunchScreen.storyboard; sourceTree = "<group>"; };
		1DCE8EB12AAB0CAE00CD5D6E /* Info.plist */ = {isa = PBXFileReference; lastKnownFileType = text.plist.xml; path = Info.plist; sourceTree = "<group>"; };
		1DCE8EBB2AAB13F800CD5D6E /* HotelViewController.swift */ = {isa = PBXFileReference; lastKnownFileType = sourcecode.swift; path = HotelViewController.swift; sourceTree = "<group>"; };
/* End PBXFileReference section */

/* Begin PBXFrameworksBuildPhase section */
		1DCE8E9D2AAB0CAD00CD5D6E /* Frameworks */ = {
			isa = PBXFrameworksBuildPhase;
			buildActionMask = 2147483647;
			files = (
				1D6E62C62AB2D1D900AAD9BD /* Kingfisher in Frameworks */,
				1DF002982AAB245D00A31A1A /* SnapKit in Frameworks */,
				1D8B116F2AAF203D007FE9A0 /* DesignSystem in Frameworks */,
			);
			runOnlyForDeploymentPostprocessing = 0;
		};
/* End PBXFrameworksBuildPhase section */

/* Begin PBXGroup section */
		1D5FE2222AAF17FB00012109 /* Frameworks */ = {
			isa = PBXGroup;
			children = (
			);
			name = Frameworks;
			sourceTree = "<group>";
		};
		1D6E62C72AB2D81400AAD9BD /* Base Coordinator */ = {
			isa = PBXGroup;
			children = (
				1D6E62C82AB2D82A00AAD9BD /* BaseCoordinator.swift */,
			);
			path = "Base Coordinator";
			sourceTree = "<group>";
		};
		1D6E62CA2AB2D85500AAD9BD /* Coordinator */ = {
			isa = PBXGroup;
			children = (
				1D6E62CB2AB2D86500AAD9BD /* Coordinator.swift */,
			);
			path = Coordinator;
			sourceTree = "<group>";
		};
		1D6E62CD2AB2F81400AAD9BD /* Coordinator */ = {
			isa = PBXGroup;
			children = (
				1D6E62CE2AB2F82400AAD9BD /* HotelCoordinator.swift */,
			);
			path = Coordinator;
			sourceTree = "<group>";
		};
		1D6E62D02AB2FA6F00AAD9BD /* App Coordinator */ = {
			isa = PBXGroup;
			children = (
				1D6E62D12AB2FA8200AAD9BD /* AppCoordinator.swift */,
			);
			path = "App Coordinator";
			sourceTree = "<group>";
		};
		1D6E62D32AB2FBA900AAD9BD /* Numbers */ = {
			isa = PBXGroup;
			children = (
				1D6E62D52AB2FBC200AAD9BD /* Coordinator */,
				1D6E62D72AB2FBCD00AAD9BD /* Model */,
				1D6E62D62AB2FBC800AAD9BD /* ViewModel */,
				1D6E62D42AB2FBBE00AAD9BD /* View */,
			);
			path = Numbers;
			sourceTree = "<group>";
		};
		1D6E62D42AB2FBBE00AAD9BD /* View */ = {
			isa = PBXGroup;
			children = (
				1D6E62E02AB3101A00AAD9BD /* Cell */,
				1D6E62D82AB2FBF200AAD9BD /* NumbersViewController.swift */,
			);
			path = View;
			sourceTree = "<group>";
		};
		1D6E62D52AB2FBC200AAD9BD /* Coordinator */ = {
			isa = PBXGroup;
			children = (
				1D6E62DE2AB2FC2500AAD9BD /* NumbersCoordinator.swift */,
			);
			path = Coordinator;
			sourceTree = "<group>";
		};
		1D6E62D62AB2FBC800AAD9BD /* ViewModel */ = {
			isa = PBXGroup;
			children = (
				1D6E62DA2AB2FC0700AAD9BD /* NumbersViewModel.swift */,
			);
			path = ViewModel;
			sourceTree = "<group>";
		};
		1D6E62D72AB2FBCD00AAD9BD /* Model */ = {
			isa = PBXGroup;
			children = (
				1D6E62DC2AB2FC1A00AAD9BD /* NumbersModel.swift */,
			);
			path = Model;
			sourceTree = "<group>";
		};
		1D6E62E02AB3101A00AAD9BD /* Cell */ = {
			isa = PBXGroup;
			children = (
				1D6E62E12AB3103700AAD9BD /* NumberTableViewCell.swift */,
			);
			path = Cell;
			sourceTree = "<group>";
		};
		1D6E62E32AB60F9400AAD9BD /* Payment */ = {
			isa = PBXGroup;
			children = (
				1D6E62E42AB60F9B00AAD9BD /* Coordinator */,
				1D6E62E72AB60FB600AAD9BD /* Model */,
				1D6E62E52AB60FA500AAD9BD /* View */,
				1D6E62E62AB60FAC00AAD9BD /* ViewModel */,
			);
			path = Payment;
			sourceTree = "<group>";
		};
		1D6E62E42AB60F9B00AAD9BD /* Coordinator */ = {
			isa = PBXGroup;
			children = (
				1D6E62E82AB60FC500AAD9BD /* PaymentCoordinator.swift */,
			);
			path = Coordinator;
			sourceTree = "<group>";
		};
		1D6E62E52AB60FA500AAD9BD /* View */ = {
			isa = PBXGroup;
			children = (
				1D6E62EA2AB60FDD00AAD9BD /* PaymentViewController.swift */,
				1D6E62F02AB614E200AAD9BD /* GeneralInfoView.swift */,
				1D6E62F22AB6171E00AAD9BD /* DetailInfoView.swift */,
				1D6E62F42AB62E4200AAD9BD /* BuyerInfoView.swift */,
			);
			path = View;
			sourceTree = "<group>";
		};
		1D6E62E62AB60FAC00AAD9BD /* ViewModel */ = {
			isa = PBXGroup;
			children = (
				1D6E62EC2AB60FED00AAD9BD /* PaymentViewModel.swift */,
			);
			path = ViewModel;
			sourceTree = "<group>";
		};
		1D6E62E72AB60FB600AAD9BD /* Model */ = {
			isa = PBXGroup;
			children = (
				1D6E62EE2AB60FF900AAD9BD /* PaymentModel.swift */,
			);
			path = Model;
			sourceTree = "<group>";
		};
		1D910DC62AB182B4001EF789 /* Model */ = {
			isa = PBXGroup;
			children = (
				1D910DC72AB182C5001EF789 /* AboutHotelModel.swift */,
				1D910DCE2AB2447C001EF789 /* HotelModel.swift */,
			);
			path = Model;
			sourceTree = "<group>";
		};
		1D910DCB2AB2441E001EF789 /* Network Layer */ = {
			isa = PBXGroup;
			children = (
				1D910DCC2AB24434001EF789 /* NetworkService.swift */,
			);
			path = "Network Layer";
			sourceTree = "<group>";
		};
		1D910DD02AB244C6001EF789 /* ViewModel */ = {
			isa = PBXGroup;
			children = (
				1D910DD12AB244D6001EF789 /* HotelViewModel.swift */,
			);
			path = ViewModel;
			sourceTree = "<group>";
		};
		1D910DD32AB248BB001EF789 /* Core Layer */ = {
			isa = PBXGroup;
			children = (
				1D910DD42AB248C3001EF789 /* Extensions */,
				1D910DCB2AB2441E001EF789 /* Network Layer */,
			);
			path = "Core Layer";
			sourceTree = "<group>";
		};
		1D910DD42AB248C3001EF789 /* Extensions */ = {
			isa = PBXGroup;
			children = (
				1D910DD52AB248D5001EF789 /* UIImageView + Extension.swift */,
			);
			path = Extensions;
			sourceTree = "<group>";
		};
		1D9AD43C2AAB15A600A4481E /* View */ = {
			isa = PBXGroup;
			children = (
				1DF002932AAB233800A31A1A /* Cell */,
				1DCE8EBB2AAB13F800CD5D6E /* HotelViewController.swift */,
				1D9AD4412AAB1D6900A4481E /* HotelMainInfo.swift */,
				1D8B11702AAF4CD9007FE9A0 /* HotelAdditionalInfo.swift */,
				1D910DC92AB18844001EF789 /* HotelButtonView.swift */,
			);
			path = View;
			sourceTree = "<group>";
		};
		1D9AD4432AAB1FE900A4481E /* UIKit + Extensions */ = {
			isa = PBXGroup;
			children = (
				1D9AD4452AAB201800A4481E /* UIViewController + Extension.swift */,
				1D9AD4472AAB203800A4481E /* UIView + Extension.swift */,
			);
			path = "UIKit + Extensions";
			sourceTree = "<group>";
		};
		1DCE8E972AAB0CAD00CD5D6E = {
			isa = PBXGroup;
			children = (
				1DCE8EA22AAB0CAD00CD5D6E /* hotelCalifornia */,
				1DCE8EA12AAB0CAD00CD5D6E /* Products */,
				1D5FE2222AAF17FB00012109 /* Frameworks */,
			);
			sourceTree = "<group>";
		};
		1DCE8EA12AAB0CAD00CD5D6E /* Products */ = {
			isa = PBXGroup;
			children = (
				1DCE8EA02AAB0CAD00CD5D6E /* hotelCalifornia.app */,
			);
			name = Products;
			sourceTree = "<group>";
		};
		1DCE8EA22AAB0CAD00CD5D6E /* hotelCalifornia */ = {
			isa = PBXGroup;
			children = (
				1D910DD32AB248BB001EF789 /* Core Layer */,
				1DCE8EB82AAB13D000CD5D6E /* Application layer */,
				1DCE8EB72AAB13C300CD5D6E /* Modules */,
				1DCE8EB92AAB13E100CD5D6E /* Resources */,
				1DCE8EB12AAB0CAE00CD5D6E /* Info.plist */,
			);
			path = hotelCalifornia;
			sourceTree = "<group>";
		};
		1DCE8EB72AAB13C300CD5D6E /* Modules */ = {
			isa = PBXGroup;
			children = (
				1DCE8EBA2AAB13EB00CD5D6E /* Hotel */,
				1D6E62D32AB2FBA900AAD9BD /* Numbers */,
				1D6E62E32AB60F9400AAD9BD /* Payment */,
			);
			path = Modules;
			sourceTree = "<group>";
		};
		1DCE8EB82AAB13D000CD5D6E /* Application layer */ = {
			isa = PBXGroup;
			children = (
				1D6E62D02AB2FA6F00AAD9BD /* App Coordinator */,
				1D6E62CA2AB2D85500AAD9BD /* Coordinator */,
				1D6E62C72AB2D81400AAD9BD /* Base Coordinator */,
				1DCE8EA32AAB0CAD00CD5D6E /* AppDelegate.swift */,
				1DCE8EAE2AAB0CAE00CD5D6E /* LaunchScreen.storyboard */,
			);
			path = "Application layer";
			sourceTree = "<group>";
		};
		1DCE8EB92AAB13E100CD5D6E /* Resources */ = {
			isa = PBXGroup;
			children = (
				1D9AD4432AAB1FE900A4481E /* UIKit + Extensions */,
				1DCE8EAC2AAB0CAE00CD5D6E /* Assets.xcassets */,
			);
			path = Resources;
			sourceTree = "<group>";
		};
		1DCE8EBA2AAB13EB00CD5D6E /* Hotel */ = {
			isa = PBXGroup;
			children = (
				1D6E62CD2AB2F81400AAD9BD /* Coordinator */,
				1D910DC62AB182B4001EF789 /* Model */,
				1D9AD43C2AAB15A600A4481E /* View */,
				1D910DD02AB244C6001EF789 /* ViewModel */,
			);
			path = Hotel;
			sourceTree = "<group>";
		};
		1DF002932AAB233800A31A1A /* Cell */ = {
			isa = PBXGroup;
			children = (
				1D910DC42AB18114001EF789 /* AboutHotelTableViewCell.swift */,
			);
			path = Cell;
			sourceTree = "<group>";
		};
/* End PBXGroup section */

/* Begin PBXNativeTarget section */
		1DCE8E9F2AAB0CAD00CD5D6E /* hotelCalifornia */ = {
			isa = PBXNativeTarget;
			buildConfigurationList = 1DCE8EB42AAB0CAE00CD5D6E /* Build configuration list for PBXNativeTarget "hotelCalifornia" */;
			buildPhases = (
				1DCE8E9C2AAB0CAD00CD5D6E /* Sources */,
				1DCE8E9D2AAB0CAD00CD5D6E /* Frameworks */,
				1DCE8E9E2AAB0CAD00CD5D6E /* Resources */,
			);
			buildRules = (
			);
			dependencies = (
			);
			name = hotelCalifornia;
			packageProductDependencies = (
				1DF002972AAB245D00A31A1A /* SnapKit */,
				1D8B116E2AAF203D007FE9A0 /* DesignSystem */,
				1D6E62C52AB2D1D900AAD9BD /* Kingfisher */,
			);
			productName = hotelCalifornia;
			productReference = 1DCE8EA02AAB0CAD00CD5D6E /* hotelCalifornia.app */;
			productType = "com.apple.product-type.application";
		};
/* End PBXNativeTarget section */

/* Begin PBXProject section */
		1DCE8E982AAB0CAD00CD5D6E /* Project object */ = {
			isa = PBXProject;
			attributes = {
				BuildIndependentTargetsInParallel = 1;
				LastSwiftUpdateCheck = 1430;
				LastUpgradeCheck = 1430;
				TargetAttributes = {
					1DCE8E9F2AAB0CAD00CD5D6E = {
						CreatedOnToolsVersion = 14.3;
					};
				};
			};
			buildConfigurationList = 1DCE8E9B2AAB0CAD00CD5D6E /* Build configuration list for PBXProject "hotelCalifornia" */;
			compatibilityVersion = "Xcode 14.0";
			developmentRegion = en;
			hasScannedForEncodings = 0;
			knownRegions = (
				en,
				Base,
			);
			mainGroup = 1DCE8E972AAB0CAD00CD5D6E;
			packageReferences = (
				1DF002962AAB245D00A31A1A /* XCRemoteSwiftPackageReference "SnapKit" */,
				1D910DD72AB248EB001EF789 /* XCRemoteSwiftPackageReference "Kingfisher" */,
			);
			productRefGroup = 1DCE8EA12AAB0CAD00CD5D6E /* Products */;
			projectDirPath = "";
			projectRoot = "";
			targets = (
				1DCE8E9F2AAB0CAD00CD5D6E /* hotelCalifornia */,
			);
		};
/* End PBXProject section */

/* Begin PBXResourcesBuildPhase section */
		1DCE8E9E2AAB0CAD00CD5D6E /* Resources */ = {
			isa = PBXResourcesBuildPhase;
			buildActionMask = 2147483647;
			files = (
				1DCE8EB02AAB0CAE00CD5D6E /* LaunchScreen.storyboard in Resources */,
				1DCE8EAD2AAB0CAE00CD5D6E /* Assets.xcassets in Resources */,
			);
			runOnlyForDeploymentPostprocessing = 0;
		};
/* End PBXResourcesBuildPhase section */

/* Begin PBXSourcesBuildPhase section */
		1DCE8E9C2AAB0CAD00CD5D6E /* Sources */ = {
			isa = PBXSourcesBuildPhase;
			buildActionMask = 2147483647;
			files = (
				1D6E62CC2AB2D86500AAD9BD /* Coordinator.swift in Sources */,
				1D6E62DB2AB2FC0700AAD9BD /* NumbersViewModel.swift in Sources */,
				1D910DCD2AB24434001EF789 /* NetworkService.swift in Sources */,
				1D910DD62AB248D5001EF789 /* UIImageView + Extension.swift in Sources */,
				1D6E62ED2AB60FED00AAD9BD /* PaymentViewModel.swift in Sources */,
				1D6E62E92AB60FC500AAD9BD /* PaymentCoordinator.swift in Sources */,
				1D9AD4462AAB201800A4481E /* UIViewController + Extension.swift in Sources */,
				1D910DC82AB182C5001EF789 /* AboutHotelModel.swift in Sources */,
				1D6E62D22AB2FA8200AAD9BD /* AppCoordinator.swift in Sources */,
				1D910DCF2AB2447C001EF789 /* HotelModel.swift in Sources */,
				1D9AD4482AAB203800A4481E /* UIView + Extension.swift in Sources */,
				1D6E62EF2AB60FF900AAD9BD /* PaymentModel.swift in Sources */,
				1DCE8EBC2AAB13F800CD5D6E /* HotelViewController.swift in Sources */,
				1D6E62D92AB2FBF200AAD9BD /* NumbersViewController.swift in Sources */,
				1D8B11712AAF4CD9007FE9A0 /* HotelAdditionalInfo.swift in Sources */,
				1D6E62DF2AB2FC2500AAD9BD /* NumbersCoordinator.swift in Sources */,
				1DCE8EA42AAB0CAD00CD5D6E /* AppDelegate.swift in Sources */,
				1D6E62CF2AB2F82400AAD9BD /* HotelCoordinator.swift in Sources */,
				1D6E62EB2AB60FDD00AAD9BD /* PaymentViewController.swift in Sources */,
				1D6E62C92AB2D82A00AAD9BD /* BaseCoordinator.swift in Sources */,
				1D6E62F52AB62E4200AAD9BD /* BuyerInfoView.swift in Sources */,
				1D910DCA2AB18844001EF789 /* HotelButtonView.swift in Sources */,
				1D6E62F32AB6171E00AAD9BD /* DetailInfoView.swift in Sources */,
				1D6E62DD2AB2FC1A00AAD9BD /* NumbersModel.swift in Sources */,
				1D910DC52AB18114001EF789 /* AboutHotelTableViewCell.swift in Sources */,
				1D910DD22AB244D6001EF789 /* HotelViewModel.swift in Sources */,
				1D6E62E22AB3103700AAD9BD /* NumberTableViewCell.swift in Sources */,
				1D9AD4422AAB1D6900A4481E /* HotelMainInfo.swift in Sources */,
				1D6E62F12AB614E200AAD9BD /* GeneralInfoView.swift in Sources */,
			);
			runOnlyForDeploymentPostprocessing = 0;
		};
/* End PBXSourcesBuildPhase section */

/* Begin PBXVariantGroup section */
		1DCE8EAE2AAB0CAE00CD5D6E /* LaunchScreen.storyboard */ = {
			isa = PBXVariantGroup;
			children = (
				1DCE8EAF2AAB0CAE00CD5D6E /* Base */,
			);
			name = LaunchScreen.storyboard;
			sourceTree = "<group>";
		};
/* End PBXVariantGroup section */

/* Begin XCBuildConfiguration section */
		1DCE8EB22AAB0CAE00CD5D6E /* Debug */ = {
			isa = XCBuildConfiguration;
			buildSettings = {
				ALWAYS_SEARCH_USER_PATHS = NO;
				CLANG_ANALYZER_NONNULL = YES;
				CLANG_ANALYZER_NUMBER_OBJECT_CONVERSION = YES_AGGRESSIVE;
				CLANG_CXX_LANGUAGE_STANDARD = "gnu++20";
				CLANG_ENABLE_MODULES = YES;
				CLANG_ENABLE_OBJC_ARC = YES;
				CLANG_ENABLE_OBJC_WEAK = YES;
				CLANG_WARN_BLOCK_CAPTURE_AUTORELEASING = YES;
				CLANG_WARN_BOOL_CONVERSION = YES;
				CLANG_WARN_COMMA = YES;
				CLANG_WARN_CONSTANT_CONVERSION = YES;
				CLANG_WARN_DEPRECATED_OBJC_IMPLEMENTATIONS = YES;
				CLANG_WARN_DIRECT_OBJC_ISA_USAGE = YES_ERROR;
				CLANG_WARN_DOCUMENTATION_COMMENTS = YES;
				CLANG_WARN_EMPTY_BODY = YES;
				CLANG_WARN_ENUM_CONVERSION = YES;
				CLANG_WARN_INFINITE_RECURSION = YES;
				CLANG_WARN_INT_CONVERSION = YES;
				CLANG_WARN_NON_LITERAL_NULL_CONVERSION = YES;
				CLANG_WARN_OBJC_IMPLICIT_RETAIN_SELF = YES;
				CLANG_WARN_OBJC_LITERAL_CONVERSION = YES;
				CLANG_WARN_OBJC_ROOT_CLASS = YES_ERROR;
				CLANG_WARN_QUOTED_INCLUDE_IN_FRAMEWORK_HEADER = YES;
				CLANG_WARN_RANGE_LOOP_ANALYSIS = YES;
				CLANG_WARN_STRICT_PROTOTYPES = YES;
				CLANG_WARN_SUSPICIOUS_MOVE = YES;
				CLANG_WARN_UNGUARDED_AVAILABILITY = YES_AGGRESSIVE;
				CLANG_WARN_UNREACHABLE_CODE = YES;
				CLANG_WARN__DUPLICATE_METHOD_MATCH = YES;
				COPY_PHASE_STRIP = NO;
				DEBUG_INFORMATION_FORMAT = dwarf;
				ENABLE_STRICT_OBJC_MSGSEND = YES;
				ENABLE_TESTABILITY = YES;
				GCC_C_LANGUAGE_STANDARD = gnu11;
				GCC_DYNAMIC_NO_PIC = NO;
				GCC_NO_COMMON_BLOCKS = YES;
				GCC_OPTIMIZATION_LEVEL = 0;
				GCC_PREPROCESSOR_DEFINITIONS = (
					"DEBUG=1",
					"$(inherited)",
				);
				GCC_WARN_64_TO_32_BIT_CONVERSION = YES;
				GCC_WARN_ABOUT_RETURN_TYPE = YES_ERROR;
				GCC_WARN_UNDECLARED_SELECTOR = YES;
				GCC_WARN_UNINITIALIZED_AUTOS = YES_AGGRESSIVE;
				GCC_WARN_UNUSED_FUNCTION = YES;
				GCC_WARN_UNUSED_VARIABLE = YES;
				IPHONEOS_DEPLOYMENT_TARGET = 16.4;
				MTL_ENABLE_DEBUG_INFO = INCLUDE_SOURCE;
				MTL_FAST_MATH = YES;
				ONLY_ACTIVE_ARCH = YES;
				SDKROOT = iphoneos;
				SWIFT_ACTIVE_COMPILATION_CONDITIONS = DEBUG;
				SWIFT_OPTIMIZATION_LEVEL = "-Onone";
			};
			name = Debug;
		};
		1DCE8EB32AAB0CAE00CD5D6E /* Release */ = {
			isa = XCBuildConfiguration;
			buildSettings = {
				ALWAYS_SEARCH_USER_PATHS = NO;
				CLANG_ANALYZER_NONNULL = YES;
				CLANG_ANALYZER_NUMBER_OBJECT_CONVERSION = YES_AGGRESSIVE;
				CLANG_CXX_LANGUAGE_STANDARD = "gnu++20";
				CLANG_ENABLE_MODULES = YES;
				CLANG_ENABLE_OBJC_ARC = YES;
				CLANG_ENABLE_OBJC_WEAK = YES;
				CLANG_WARN_BLOCK_CAPTURE_AUTORELEASING = YES;
				CLANG_WARN_BOOL_CONVERSION = YES;
				CLANG_WARN_COMMA = YES;
				CLANG_WARN_CONSTANT_CONVERSION = YES;
				CLANG_WARN_DEPRECATED_OBJC_IMPLEMENTATIONS = YES;
				CLANG_WARN_DIRECT_OBJC_ISA_USAGE = YES_ERROR;
				CLANG_WARN_DOCUMENTATION_COMMENTS = YES;
				CLANG_WARN_EMPTY_BODY = YES;
				CLANG_WARN_ENUM_CONVERSION = YES;
				CLANG_WARN_INFINITE_RECURSION = YES;
				CLANG_WARN_INT_CONVERSION = YES;
				CLANG_WARN_NON_LITERAL_NULL_CONVERSION = YES;
				CLANG_WARN_OBJC_IMPLICIT_RETAIN_SELF = YES;
				CLANG_WARN_OBJC_LITERAL_CONVERSION = YES;
				CLANG_WARN_OBJC_ROOT_CLASS = YES_ERROR;
				CLANG_WARN_QUOTED_INCLUDE_IN_FRAMEWORK_HEADER = YES;
				CLANG_WARN_RANGE_LOOP_ANALYSIS = YES;
				CLANG_WARN_STRICT_PROTOTYPES = YES;
				CLANG_WARN_SUSPICIOUS_MOVE = YES;
				CLANG_WARN_UNGUARDED_AVAILABILITY = YES_AGGRESSIVE;
				CLANG_WARN_UNREACHABLE_CODE = YES;
				CLANG_WARN__DUPLICATE_METHOD_MATCH = YES;
				COPY_PHASE_STRIP = NO;
				DEBUG_INFORMATION_FORMAT = "dwarf-with-dsym";
				ENABLE_NS_ASSERTIONS = NO;
				ENABLE_STRICT_OBJC_MSGSEND = YES;
				GCC_C_LANGUAGE_STANDARD = gnu11;
				GCC_NO_COMMON_BLOCKS = YES;
				GCC_WARN_64_TO_32_BIT_CONVERSION = YES;
				GCC_WARN_ABOUT_RETURN_TYPE = YES_ERROR;
				GCC_WARN_UNDECLARED_SELECTOR = YES;
				GCC_WARN_UNINITIALIZED_AUTOS = YES_AGGRESSIVE;
				GCC_WARN_UNUSED_FUNCTION = YES;
				GCC_WARN_UNUSED_VARIABLE = YES;
				IPHONEOS_DEPLOYMENT_TARGET = 16.4;
				MTL_ENABLE_DEBUG_INFO = NO;
				MTL_FAST_MATH = YES;
				SDKROOT = iphoneos;
				SWIFT_COMPILATION_MODE = wholemodule;
				SWIFT_OPTIMIZATION_LEVEL = "-O";
				VALIDATE_PRODUCT = YES;
			};
			name = Release;
		};
		1DCE8EB52AAB0CAE00CD5D6E /* Debug */ = {
			isa = XCBuildConfiguration;
			buildSettings = {
				ASSETCATALOG_COMPILER_APPICON_NAME = AppIcon;
				ASSETCATALOG_COMPILER_GLOBAL_ACCENT_COLOR_NAME = AccentColor;
				CODE_SIGN_STYLE = Automatic;
				CURRENT_PROJECT_VERSION = 1;
				DEVELOPMENT_TEAM = 85NV4V26D2;
				GENERATE_INFOPLIST_FILE = YES;
				INFOPLIST_FILE = hotelCalifornia/Info.plist;
				INFOPLIST_KEY_UIApplicationSupportsIndirectInputEvents = YES;
				INFOPLIST_KEY_UILaunchStoryboardName = LaunchScreen;
				INFOPLIST_KEY_UISupportedInterfaceOrientations_iPad = "UIInterfaceOrientationPortrait UIInterfaceOrientationPortraitUpsideDown UIInterfaceOrientationLandscapeLeft UIInterfaceOrientationLandscapeRight";
				INFOPLIST_KEY_UISupportedInterfaceOrientations_iPhone = "UIInterfaceOrientationPortrait UIInterfaceOrientationLandscapeLeft UIInterfaceOrientationLandscapeRight";
				LD_RUNPATH_SEARCH_PATHS = (
					"$(inherited)",
					"@executable_path/Frameworks",
				);
				MARKETING_VERSION = 1.0;
				PRODUCT_BUNDLE_IDENTIFIER = dimash.hotelCalifornia;
				PRODUCT_NAME = "$(TARGET_NAME)";
				SWIFT_EMIT_LOC_STRINGS = YES;
				SWIFT_VERSION = 5.0;
				TARGETED_DEVICE_FAMILY = "1,2";
			};
			name = Debug;
		};
		1DCE8EB62AAB0CAE00CD5D6E /* Release */ = {
			isa = XCBuildConfiguration;
			buildSettings = {
				ASSETCATALOG_COMPILER_APPICON_NAME = AppIcon;
				ASSETCATALOG_COMPILER_GLOBAL_ACCENT_COLOR_NAME = AccentColor;
				CODE_SIGN_STYLE = Automatic;
				CURRENT_PROJECT_VERSION = 1;
				DEVELOPMENT_TEAM = 85NV4V26D2;
				GENERATE_INFOPLIST_FILE = YES;
				INFOPLIST_FILE = hotelCalifornia/Info.plist;
				INFOPLIST_KEY_UIApplicationSupportsIndirectInputEvents = YES;
				INFOPLIST_KEY_UILaunchStoryboardName = LaunchScreen;
				INFOPLIST_KEY_UISupportedInterfaceOrientations_iPad = "UIInterfaceOrientationPortrait UIInterfaceOrientationPortraitUpsideDown UIInterfaceOrientationLandscapeLeft UIInterfaceOrientationLandscapeRight";
				INFOPLIST_KEY_UISupportedInterfaceOrientations_iPhone = "UIInterfaceOrientationPortrait UIInterfaceOrientationLandscapeLeft UIInterfaceOrientationLandscapeRight";
				LD_RUNPATH_SEARCH_PATHS = (
					"$(inherited)",
					"@executable_path/Frameworks",
				);
				MARKETING_VERSION = 1.0;
				PRODUCT_BUNDLE_IDENTIFIER = dimash.hotelCalifornia;
				PRODUCT_NAME = "$(TARGET_NAME)";
				SWIFT_EMIT_LOC_STRINGS = YES;
				SWIFT_VERSION = 5.0;
				TARGETED_DEVICE_FAMILY = "1,2";
			};
			name = Release;
		};
/* End XCBuildConfiguration section */

/* Begin XCConfigurationList section */
		1DCE8E9B2AAB0CAD00CD5D6E /* Build configuration list for PBXProject "hotelCalifornia" */ = {
			isa = XCConfigurationList;
			buildConfigurations = (
				1DCE8EB22AAB0CAE00CD5D6E /* Debug */,
				1DCE8EB32AAB0CAE00CD5D6E /* Release */,
			);
			defaultConfigurationIsVisible = 0;
			defaultConfigurationName = Release;
		};
		1DCE8EB42AAB0CAE00CD5D6E /* Build configuration list for PBXNativeTarget "hotelCalifornia" */ = {
			isa = XCConfigurationList;
			buildConfigurations = (
				1DCE8EB52AAB0CAE00CD5D6E /* Debug */,
				1DCE8EB62AAB0CAE00CD5D6E /* Release */,
			);
			defaultConfigurationIsVisible = 0;
			defaultConfigurationName = Release;
		};
/* End XCConfigurationList section */

/* Begin XCRemoteSwiftPackageReference section */
		1D910DD72AB248EB001EF789 /* XCRemoteSwiftPackageReference "Kingfisher" */ = {
			isa = XCRemoteSwiftPackageReference;
			repositoryURL = "https://github.com/onevcat/Kingfisher";
			requirement = {
				kind = upToNextMajorVersion;
				minimumVersion = 7.0.0;
			};
		};
		1DF002962AAB245D00A31A1A /* XCRemoteSwiftPackageReference "SnapKit" */ = {
			isa = XCRemoteSwiftPackageReference;
			repositoryURL = "https://github.com/SnapKit/SnapKit";
			requirement = {
				kind = upToNextMajorVersion;
				minimumVersion = 5.0.0;
			};
		};
/* End XCRemoteSwiftPackageReference section */

/* Begin XCSwiftPackageProductDependency section */
		1D6E62C52AB2D1D900AAD9BD /* Kingfisher */ = {
			isa = XCSwiftPackageProductDependency;
			package = 1D910DD72AB248EB001EF789 /* XCRemoteSwiftPackageReference "Kingfisher" */;
			productName = Kingfisher;
		};
		1D8B116E2AAF203D007FE9A0 /* DesignSystem */ = {
			isa = XCSwiftPackageProductDependency;
			productName = DesignSystem;
		};
		1DF002972AAB245D00A31A1A /* SnapKit */ = {
			isa = XCSwiftPackageProductDependency;
			package = 1DF002962AAB245D00A31A1A /* XCRemoteSwiftPackageReference "SnapKit" */;
			productName = SnapKit;
		};
/* End XCSwiftPackageProductDependency section */
	};
	rootObject = 1DCE8E982AAB0CAD00CD5D6E /* Project object */;
}
